
Microsoft Visual Studio Solution File, Format Version 12.00
# Visual Studio Version 17
VisualStudioVersion = 17.11.35222.181
MinimumVisualStudioVersion = 10.0.40219.1
Project("{9A19103F-16F7-4668-BE54-9A1E7A4F7556}") = "Shop", "Shop\Shop.csproj", "{44F82FB5-AA30-4E43-B248-2C4047BADA19}"
EndProject
Project("{9A19103F-16F7-4668-BE54-9A1E7A4F7556}") = "Shop.ApplicationServices", "Shop.ApplicationServices\Shop.ApplicationServices.csproj", "{9DC44A92-50C2-4DB1-BECB-37DF232F53CF}"
EndProject
Project("{9A19103F-16F7-4668-BE54-9A1E7A4F7556}") = "Shop.Core", "Shop.Core\Shop.Core.csproj", "{D3EC7EA7-19D2-445E-ADC1-704D0DDEE055}"
EndProject
Project("{9A19103F-16F7-4668-BE54-9A1E7A4F7556}") = "Shop.Data", "Shop.Data\Shop.Data.csproj", "{9F9E66F2-0AA2-4FBB-B7F2-64311E59A539}"
EndProject
Project("{9A19103F-16F7-4668-BE54-9A1E7A4F7556}") = "Shop.RealEstateTest", "Shop.RealEstateTest\Shop.RealEstateTest.csproj", "{5632B33D-92B5-4BFF-9BFA-3B573CF845BA}"
EndProject
Project("{FAE04EC0-301F-11D3-BF4B-00C04F79EFBC}") = "Shop.Kindergarten Test", "Shop.Kindergarten Test\Shop.Kindergarten Test.csproj", "{80055996-6AAF-4E9B-B75A-23C255A6F272}"
EndProject
Global
	GlobalSection(SolutionConfigurationPlatforms) = preSolution
		Debug|Any CPU = Debug|Any CPU
		Release|Any CPU = Release|Any CPU
	EndGlobalSection
	GlobalSection(ProjectConfigurationPlatforms) = postSolution
		{44F82FB5-AA30-4E43-B248-2C4047BADA19}.Debug|Any CPU.ActiveCfg = Debug|Any CPU
		{44F82FB5-AA30-4E43-B248-2C4047BADA19}.Debug|Any CPU.Build.0 = Debug|Any CPU
		{44F82FB5-AA30-4E43-B248-2C4047BADA19}.Release|Any CPU.ActiveCfg = Release|Any CPU
		{44F82FB5-AA30-4E43-B248-2C4047BADA19}.Release|Any CPU.Build.0 = Release|Any CPU
		{9DC44A92-50C2-4DB1-BECB-37DF232F53CF}.Debug|Any CPU.ActiveCfg = Debug|Any CPU
		{9DC44A92-50C2-4DB1-BECB-37DF232F53CF}.Debug|Any CPU.Build.0 = Debug|Any CPU
		{9DC44A92-50C2-4DB1-BECB-37DF232F53CF}.Release|Any CPU.ActiveCfg = Release|Any CPU
		{9DC44A92-50C2-4DB1-BECB-37DF232F53CF}.Release|Any CPU.Build.0 = Release|Any CPU
		{D3EC7EA7-19D2-445E-ADC1-704D0DDEE055}.Debug|Any CPU.ActiveCfg = Debug|Any CPU
		{D3EC7EA7-19D2-445E-ADC1-704D0DDEE055}.Debug|Any CPU.Build.0 = Debug|Any CPU
		{D3EC7EA7-19D2-445E-ADC1-704D0DDEE055}.Release|Any CPU.ActiveCfg = Release|Any CPU
		{D3EC7EA7-19D2-445E-ADC1-704D0DDEE055}.Release|Any CPU.Build.0 = Release|Any CPU
		{9F9E66F2-0AA2-4FBB-B7F2-64311E59A539}.Debug|Any CPU.ActiveCfg = Debug|Any CPU
		{9F9E66F2-0AA2-4FBB-B7F2-64311E59A539}.Debug|Any CPU.Build.0 = Debug|Any CPU
		{9F9E66F2-0AA2-4FBB-B7F2-64311E59A539}.Release|Any CPU.ActiveCfg = Release|Any CPU
		{9F9E66F2-0AA2-4FBB-B7F2-64311E59A539}.Release|Any CPU.Build.0 = Release|Any CPU
		{5632B33D-92B5-4BFF-9BFA-3B573CF845BA}.Debug|Any CPU.ActiveCfg = Debug|Any CPU
		{5632B33D-92B5-4BFF-9BFA-3B573CF845BA}.Debug|Any CPU.Build.0 = Debug|Any CPU
		{5632B33D-92B5-4BFF-9BFA-3B573CF845BA}.Release|Any CPU.ActiveCfg = Release|Any CPU
		{5632B33D-92B5-4BFF-9BFA-3B573CF845BA}.Release|Any CPU.Build.0 = Release|Any CPU
		{80055996-6AAF-4E9B-B75A-23C255A6F272}.Debug|Any CPU.ActiveCfg = Debug|Any CPU
		{80055996-6AAF-4E9B-B75A-23C255A6F272}.Debug|Any CPU.Build.0 = Debug|Any CPU
		{80055996-6AAF-4E9B-B75A-23C255A6F272}.Release|Any CPU.ActiveCfg = Release|Any CPU
		{80055996-6AAF-4E9B-B75A-23C255A6F272}.Release|Any CPU.Build.0 = Release|Any CPU
	EndGlobalSection
	GlobalSection(SolutionProperties) = preSolution
		HideSolutionNode = FALSE
	EndGlobalSection
	GlobalSection(ExtensibilityGlobals) = postSolution
		SolutionGuid = {AD140315-26EE-46D6-BC17-5FC9F5FB7F52}
	EndGlobalSection
EndGlobal
